
Microsoft Visual Studio Solution File, Format Version 12.00
# Visual Studio Version 17
VisualStudioVersion = 17.0.32126.317
MinimumVisualStudioVersion = 10.0.40219.1
Project("{FAE04EC0-301F-11D3-BF4B-00C04F79EFBC}") = "Highscore", "Highscore.csproj", "{4DB8DFEB-E61F-4E06-BF53-8FA8EC3A292C}"
EndProject
Project("{2150E333-8FDC-42A3-9474-1A3956D46DE8}") = "Solution Items", "Solution Items", "{5AB30F79-8D3F-4BC5-9D83-7336749C3E37}"
	ProjectSection(SolutionItems) = preProject
		.editorconfig = .editorconfig
	EndProjectSection
EndProject
Global
	GlobalSection(SolutionConfigurationPlatforms) = preSolution
		Debug|Any CPU = Debug|Any CPU
		Release|Any CPU = Release|Any CPU
	EndGlobalSection
	GlobalSection(ProjectConfigurationPlatforms) = postSolution
		{4DB8DFEB-E61F-4E06-BF53-8FA8EC3A292C}.Debug|Any CPU.ActiveCfg = Debug|Any CPU
		{4DB8DFEB-E61F-4E06-BF53-8FA8EC3A292C}.Debug|Any CPU.Build.0 = Debug|Any CPU
		{4DB8DFEB-E61F-4E06-BF53-8FA8EC3A292C}.Release|Any CPU.ActiveCfg = Release|Any CPU
		{4DB8DFEB-E61F-4E06-BF53-8FA8EC3A292C}.Release|Any CPU.Build.0 = Release|Any CPU
	EndGlobalSection
	GlobalSection(SolutionProperties) = preSolution
		HideSolutionNode = FALSE
	EndGlobalSection
	GlobalSection(ExtensibilityGlobals) = postSolution
		SolutionGuid = {50638959-E044-49E1-8278-85CEB5BF3647}
	EndGlobalSection
EndGlobal
