
Microsoft Visual Studio Solution File, Format Version 12.00
# Visual Studio Version 17
VisualStudioVersion = 17.0.32126.317
MinimumVisualStudioVersion = 10.0.40219.1
Project("{9A19103F-16F7-4668-BE54-9A1E7A4F7556}") = "IvyGame", "IvyGame.csproj", "{3ACD73A6-802B-44F5-A70A-DDB07527F44D}"
EndProject
Project("{2150E333-8FDC-42A3-9474-1A3956D46DE8}") = "Solution Items", "Solution Items", "{3D379D44-4591-40F7-8CD2-526F66788781}"
	ProjectSection(SolutionItems) = preProject
		.editorconfig = .editorconfig
	EndProjectSection
EndProject
Global
	GlobalSection(SolutionConfigurationPlatforms) = preSolution
		Debug|Any CPU = Debug|Any CPU
		Release|Any CPU = Release|Any CPU
	EndGlobalSection
	GlobalSection(ProjectConfigurationPlatforms) = postSolution
		{3ACD73A6-802B-44F5-A70A-DDB07527F44D}.Debug|Any CPU.ActiveCfg = Debug|Any CPU
		{3ACD73A6-802B-44F5-A70A-DDB07527F44D}.Debug|Any CPU.Build.0 = Debug|Any CPU
		{3ACD73A6-802B-44F5-A70A-DDB07527F44D}.Release|Any CPU.ActiveCfg = Release|Any CPU
		{3ACD73A6-802B-44F5-A70A-DDB07527F44D}.Release|Any CPU.Build.0 = Release|Any CPU
	EndGlobalSection
	GlobalSection(SolutionProperties) = preSolution
		HideSolutionNode = FALSE
	EndGlobalSection
	GlobalSection(ExtensibilityGlobals) = postSolution
		SolutionGuid = {8FB96C06-9714-48EC-B4E1-3F71C7AE53B3}
	EndGlobalSection
EndGlobal
